
Microsoft Visual Studio Solution File, Format Version 12.00
# Visual Studio 14
VisualStudioVersion = 14.0.23107.0
MinimumVisualStudioVersion = 10.0.40219.1
Project("{FAE04EC0-301F-11D3-BF4B-00C04F79EFBC}") = "crow_project", "crow_project\crow_project.csproj", "{461EF68C-9E9C-41B8-BF90-ECEBE50C4E19}"
EndProject
Project("{2150E333-8FDC-42A3-9474-1A3956D46DE8}") = "Solution Items", "Solution Items", "{AFEF23CC-0B7B-4D99-BE72-3FC0CA4A9EDB}"
	ProjectSection(SolutionItems) = preProject
		crow_project\Create.aspx = crow_project\Create.aspx
		crow_project\Create.aspx.cs = crow_project\Create.aspx.cs
		crow_project\Create.aspx.designer.cs = crow_project\Create.aspx.designer.cs
		crow_project\Create.css = crow_project\Create.css
		crow_project\Error2.html = crow_project\Error2.html
		crow_project\Insert_Success.aspx = crow_project\Insert_Success.aspx
		crow_project\Insert_Success.aspx.cs = crow_project\Insert_Success.aspx.cs
		crow_project\Insert_Success.aspx.designer.cs = crow_project\Insert_Success.aspx.designer.cs
	EndProjectSection
EndProject
Global
	GlobalSection(SolutionConfigurationPlatforms) = preSolution
		Debug|Any CPU = Debug|Any CPU
		Release|Any CPU = Release|Any CPU
	EndGlobalSection
	GlobalSection(ProjectConfigurationPlatforms) = postSolution
		{461EF68C-9E9C-41B8-BF90-ECEBE50C4E19}.Debug|Any CPU.ActiveCfg = Debug|Any CPU
		{461EF68C-9E9C-41B8-BF90-ECEBE50C4E19}.Debug|Any CPU.Build.0 = Debug|Any CPU
		{461EF68C-9E9C-41B8-BF90-ECEBE50C4E19}.Release|Any CPU.ActiveCfg = Release|Any CPU
		{461EF68C-9E9C-41B8-BF90-ECEBE50C4E19}.Release|Any CPU.Build.0 = Release|Any CPU
	EndGlobalSection
	GlobalSection(SolutionProperties) = preSolution
		HideSolutionNode = FALSE
	EndGlobalSection
EndGlobal
